// !$*UTF8*$!
{
	archiveVersion = 1;
	classes = {
	};
	objectVersion = 46;
	objects = {

/* Begin PBXBuildFile section */
		138A87791D3FE3D2006DD25D /* main.m in Sources */ = {isa = PBXBuildFile; fileRef = 138A87781D3FE3D2006DD25D /* main.m */; };
		138A877C1D3FE3D2006DD25D /* AppDelegate.m in Sources */ = {isa = PBXBuildFile; fileRef = 138A877B1D3FE3D2006DD25D /* AppDelegate.m */; };
		138A877F1D3FE3D2006DD25D /* ViewController.m in Sources */ = {isa = PBXBuildFile; fileRef = 138A877E1D3FE3D2006DD25D /* ViewController.m */; };
		138A87821D3FE3D2006DD25D /* Main.storyboard in Resources */ = {isa = PBXBuildFile; fileRef = 138A87801D3FE3D2006DD25D /* Main.storyboard */; };
		138A87841D3FE3D2006DD25D /* Assets.xcassets in Resources */ = {isa = PBXBuildFile; fileRef = 138A87831D3FE3D2006DD25D /* Assets.xcassets */; };
		138A87871D3FE3D2006DD25D /* LaunchScreen.storyboard in Resources */ = {isa = PBXBuildFile; fileRef = 138A87851D3FE3D2006DD25D /* LaunchScreen.storyboard */; };
		138A87911D3FECFB006DD25D /* codes.txt in Resources */ = {isa = PBXBuildFile; fileRef = 138A87901D3FECFB006DD25D /* codes.txt */; };
/* End PBXBuildFile section */

/* Begin PBXFileReference section */
		138A87741D3FE3D1006DD25D /* Codestore.app */ = {isa = PBXFileReference; explicitFileType = wrapper.application; includeInIndex = 0; path = Codestore.app; sourceTree = BUILT_PRODUCTS_DIR; };
		138A87781D3FE3D2006DD25D /* main.m */ = {isa = PBXFileReference; lastKnownFileType = sourcecode.c.objc; path = main.m; sourceTree = "<group>"; };
		138A877A1D3FE3D2006DD25D /* AppDelegate.h */ = {isa = PBXFileReference; lastKnownFileType = sourcecode.c.h; path = AppDelegate.h; sourceTree = "<group>"; };
		138A877B1D3FE3D2006DD25D /* AppDelegate.m */ = {isa = PBXFileReference; lastKnownFileType = sourcecode.c.objc; path = AppDelegate.m; sourceTree = "<group>"; };
		138A877D1D3FE3D2006DD25D /* ViewController.h */ = {isa = PBXFileReference; lastKnownFileType = sourcecode.c.h; path = ViewController.h; sourceTree = "<group>"; };
		138A877E1D3FE3D2006DD25D /* ViewController.m */ = {isa = PBXFileReference; lastKnownFileType = sourcecode.c.objc; path = ViewController.m; sourceTree = "<group>"; };
		138A87811D3FE3D2006DD25D /* Base */ = {isa = PBXFileReference; lastKnownFileType = file.storyboard; name = Base; path = Base.lproj/Main.storyboard; sourceTree = "<group>"; };
		138A87831D3FE3D2006DD25D /* Assets.xcassets */ = {isa = PBXFileReference; lastKnownFileType = folder.assetcatalog; path = Assets.xcassets; sourceTree = "<group>"; };
		138A87861D3FE3D2006DD25D /* Base */ = {isa = PBXFileReference; lastKnownFileType = file.storyboard; name = Base; path = Base.lproj/LaunchScreen.storyboard; sourceTree = "<group>"; };
		138A87881D3FE3D2006DD25D /* Info.plist */ = {isa = PBXFileReference; lastKnownFileType = text.plist.xml; path = Info.plist; sourceTree = "<group>"; };
		138A87901D3FECFB006DD25D /* codes.txt */ = {isa = PBXFileReference; fileEncoding = 4; lastKnownFileType = text; path = codes.txt; sourceTree = "<group>"; };
/* End PBXFileReference section */

/* Begin PBXFrameworksBuildPhase section */
		138A87711D3FE3D1006DD25D /* Frameworks */ = {
			isa = PBXFrameworksBuildPhase;
			buildActionMask = 2147483647;
			files = (
			);
			runOnlyForDeploymentPostprocessing = 0;
		};
/* End PBXFrameworksBuildPhase section */

/* Begin PBXGroup section */
		138A876B1D3FE3D1006DD25D = {
			isa = PBXGroup;
			children = (
				138A87761D3FE3D2006DD25D /* Codestore */,
				138A87751D3FE3D1006DD25D /* Products */,
			);
			sourceTree = "<group>";
		};
		138A87751D3FE3D1006DD25D /* Products */ = {
			isa = PBXGroup;
			children = (
				138A87741D3FE3D1006DD25D /* Codestore.app */,
			);
			name = Products;
			sourceTree = "<group>";
		};
		138A87761D3FE3D2006DD25D /* Codestore */ = {
			isa = PBXGroup;
			children = (
				138A877A1D3FE3D2006DD25D /* AppDelegate.h */,
				138A877B1D3FE3D2006DD25D /* AppDelegate.m */,
				138A877D1D3FE3D2006DD25D /* ViewController.h */,
				138A877E1D3FE3D2006DD25D /* ViewController.m */,
				138A87801D3FE3D2006DD25D /* Main.storyboard */,
				138A87831D3FE3D2006DD25D /* Assets.xcassets */,
				138A87851D3FE3D2006DD25D /* LaunchScreen.storyboard */,
				138A87881D3FE3D2006DD25D /* Info.plist */,
				138A87901D3FECFB006DD25D /* codes.txt */,
				138A87771D3FE3D2006DD25D /* Supporting Files */,
			);
			path = Codestore;
			sourceTree = "<group>";
		};
		138A87771D3FE3D2006DD25D /* Supporting Files */ = {
			isa = PBXGroup;
			children = (
				138A87781D3FE3D2006DD25D /* main.m */,
			);
			name = "Supporting Files";
			sourceTree = "<group>";
		};
/* End PBXGroup section */

/* Begin PBXNativeTarget section */
		138A87731D3FE3D1006DD25D /* Codestore */ = {
			isa = PBXNativeTarget;
			buildConfigurationList = 138A878B1D3FE3D2006DD25D /* Build configuration list for PBXNativeTarget "Codestore" */;
			buildPhases = (
				138A87701D3FE3D1006DD25D /* Sources */,
				138A87711D3FE3D1006DD25D /* Frameworks */,
				138A87721D3FE3D1006DD25D /* Resources */,
			);
			buildRules = (
			);
			dependencies = (
			);
			name = Codestore;
			productName = Codestore;
			productReference = 138A87741D3FE3D1006DD25D /* Codestore.app */;
			productType = "com.apple.product-type.application";
		};
/* End PBXNativeTarget section */

/* Begin PBXProject section */
		138A876C1D3FE3D1006DD25D /* Project object */ = {
			isa = PBXProject;
			attributes = {
				LastUpgradeCheck = 0800;
				ORGANIZATIONNAME = "Mikko Harju";
				TargetAttributes = {
					138A87731D3FE3D1006DD25D = {
						CreatedOnToolsVersion = 7.3.1;
						DevelopmentTeam = 972LM8CP43;
					};
				};
			};
			buildConfigurationList = 138A876F1D3FE3D1006DD25D /* Build configuration list for PBXProject "Codestore" */;
			compatibilityVersion = "Xcode 3.2";
			developmentRegion = English;
			hasScannedForEncodings = 0;
			knownRegions = (
				en,
				Base,
			);
			mainGroup = 138A876B1D3FE3D1006DD25D;
			productRefGroup = 138A87751D3FE3D1006DD25D /* Products */;
			projectDirPath = "";
			projectRoot = "";
			targets = (
				138A87731D3FE3D1006DD25D /* Codestore */,
			);
		};
/* End PBXProject section */

/* Begin PBXResourcesBuildPhase section */
		138A87721D3FE3D1006DD25D /* Resources */ = {
			isa = PBXResourcesBuildPhase;
			buildActionMask = 2147483647;
			files = (
				138A87871D3FE3D2006DD25D /* LaunchScreen.storyboard in Resources */,
				138A87841D3FE3D2006DD25D /* Assets.xcassets in Resources */,
				138A87911D3FECFB006DD25D /* codes.txt in Resources */,
				138A87821D3FE3D2006DD25D /* Main.storyboard in Resources */,
			);
			runOnlyForDeploymentPostprocessing = 0;
		};
/* End PBXResourcesBuildPhase section */

/* Begin PBXSourcesBuildPhase section */
		138A87701D3FE3D1006DD25D /* Sources */ = {
			isa = PBXSourcesBuildPhase;
			buildActionMask = 2147483647;
			files = (
				138A877F1D3FE3D2006DD25D /* ViewController.m in Sources */,
				138A877C1D3FE3D2006DD25D /* AppDelegate.m in Sources */,
				138A87791D3FE3D2006DD25D /* main.m in Sources */,
			);
			runOnlyForDeploymentPostprocessing = 0;
		};
/* End PBXSourcesBuildPhase section */

/* Begin PBXVariantGroup section */
		138A87801D3FE3D2006DD25D /* Main.storyboard */ = {
			isa = PBXVariantGroup;
			children = (
				138A87811D3FE3D2006DD25D /* Base */,
			);
			name = Main.storyboard;
			sourceTree = "<group>";
		};
		138A87851D3FE3D2006DD25D /* LaunchScreen.storyboard */ = {
			isa = PBXVariantGroup;
			children = (
				138A87861D3FE3D2006DD25D /* Base */,
			);
			name = LaunchScreen.storyboard;
			sourceTree = "<group>";
		};
/* End PBXVariantGroup section */

/* Begin XCBuildConfiguration section */
		138A87891D3FE3D2006DD25D /* Debug */ = {
			isa = XCBuildConfiguration;
			buildSettings = {
				ALWAYS_SEARCH_USER_PATHS = NO;
				CLANG_ANALYZER_NONNULL = YES;
				CLANG_CXX_LANGUAGE_STANDARD = "gnu++0x";
				CLANG_CXX_LIBRARY = "libc++";
				CLANG_ENABLE_MODULES = YES;
				CLANG_ENABLE_OBJC_ARC = YES;
				CLANG_WARN_BOOL_CONVERSION = YES;
				CLANG_WARN_CONSTANT_CONVERSION = YES;
				CLANG_WARN_DIRECT_OBJC_ISA_USAGE = YES_ERROR;
				CLANG_WARN_EMPTY_BODY = YES;
				CLANG_WARN_ENUM_CONVERSION = YES;
				CLANG_WARN_INFINITE_RECURSION = YES;
				CLANG_WARN_INT_CONVERSION = YES;
				CLANG_WARN_OBJC_ROOT_CLASS = YES_ERROR;
				CLANG_WARN_SUSPICIOUS_MOVE = YES;
				CLANG_WARN_UNREACHABLE_CODE = YES;
				CLANG_WARN__DUPLICATE_METHOD_MATCH = YES;
				"CODE_SIGN_IDENTITY[sdk=iphoneos*]" = "iPhone Developer";
				COPY_PHASE_STRIP = NO;
				DEBUG_INFORMATION_FORMAT = dwarf;
				ENABLE_STRICT_OBJC_MSGSEND = YES;
				ENABLE_TESTABILITY = YES;
				GCC_C_LANGUAGE_STANDARD = gnu99;
				GCC_DYNAMIC_NO_PIC = NO;
				GCC_NO_COMMON_BLOCKS = YES;
				GCC_OPTIMIZATION_LEVEL = 0;
				GCC_PREPROCESSOR_DEFINITIONS = (
					"DEBUG=1",
					"$(inherited)",
				);
				GCC_WARN_64_TO_32_BIT_CONVERSION = YES;
				GCC_WARN_ABOUT_RETURN_TYPE = YES_ERROR;
				GCC_WARN_UNDECLARED_SELECTOR = YES;
				GCC_WARN_UNINITIALIZED_AUTOS = YES_AGGRESSIVE;
				GCC_WARN_UNUSED_FUNCTION = YES;
				GCC_WARN_UNUSED_VARIABLE = YES;
				IPHONEOS_DEPLOYMENT_TARGET = 9.3;
				MTL_ENABLE_DEBUG_INFO = YES;
				ONLY_ACTIVE_ARCH = YES;
				SDKROOT = iphoneos;
				TARGETED_DEVICE_FAMILY = "1,2";
			};
			name = Debug;
		};
		138A878A1D3FE3D2006DD25D /* Release */ = {
			isa = XCBuildConfiguration;
			buildSettings = {
				ALWAYS_SEARCH_USER_PATHS = NO;
				CLANG_ANALYZER_NONNULL = YES;
				CLANG_CXX_LANGUAGE_STANDARD = "gnu++0x";
				CLANG_CXX_LIBRARY = "libc++";
				CLANG_ENABLE_MODULES = YES;
				CLANG_ENABLE_OBJC_ARC = YES;
				CLANG_WARN_BOOL_CONVERSION = YES;
				CLANG_WARN_CONSTANT_CONVERSION = YES;
				CLANG_WARN_DIRECT_OBJC_ISA_USAGE = YES_ERROR;
				CLANG_WARN_EMPTY_BODY = YES;
				CLANG_WARN_ENUM_CONVERSION = YES;
				CLANG_WARN_INFINITE_RECURSION = YES;
				CLANG_WARN_INT_CONVERSION = YES;
				CLANG_WARN_OBJC_ROOT_CLASS = YES_ERROR;
				CLANG_WARN_SUSPICIOUS_MOVE = YES;
				CLANG_WARN_UNREACHABLE_CODE = YES;
				CLANG_WARN__DUPLICATE_METHOD_MATCH = YES;
				"CODE_SIGN_IDENTITY[sdk=iphoneos*]" = "iPhone Developer";
				COPY_PHASE_STRIP = NO;
				DEBUG_INFORMATION_FORMAT = "dwarf-with-dsym";
				ENABLE_NS_ASSERTIONS = NO;
				ENABLE_STRICT_OBJC_MSGSEND = YES;
				GCC_C_LANGUAGE_STANDARD = gnu99;
				GCC_NO_COMMON_BLOCKS = YES;
				GCC_WARN_64_TO_32_BIT_CONVERSION = YES;
				GCC_WARN_ABOUT_RETURN_TYPE = YES_ERROR;
				GCC_WARN_UNDECLARED_SELECTOR = YES;
				GCC_WARN_UNINITIALIZED_AUTOS = YES_AGGRESSIVE;
				GCC_WARN_UNUSED_FUNCTION = YES;
				GCC_WARN_UNUSED_VARIABLE = YES;
				IPHONEOS_DEPLOYMENT_TARGET = 9.3;
				MTL_ENABLE_DEBUG_INFO = NO;
				SDKROOT = iphoneos;
				TARGETED_DEVICE_FAMILY = "1,2";
				VALIDATE_PRODUCT = YES;
			};
			name = Release;
		};
		138A878C1D3FE3D2006DD25D /* Debug */ = {
			isa = XCBuildConfiguration;
			buildSettings = {
				ASSETCATALOG_COMPILER_APPICON_NAME = AppIcon;
				DEVELOPMENT_TEAM = 972LM8CP43;
				INFOPLIST_FILE = Codestore/Info.plist;
				LD_RUNPATH_SEARCH_PATHS = "$(inherited) @executable_path/Frameworks";
				PRODUCT_BUNDLE_IDENTIFIER = fi.taiste.Codestore;
				PRODUCT_NAME = "$(TARGET_NAME)";
			};
			name = Debug;
		};
		138A878D1D3FE3D2006DD25D /* Release */ = {
			isa = XCBuildConfiguration;
			buildSettings = {
				ASSETCATALOG_COMPILER_APPICON_NAME = AppIcon;
				DEVELOPMENT_TEAM = 972LM8CP43;
				INFOPLIST_FILE = Codestore/Info.plist;
				LD_RUNPATH_SEARCH_PATHS = "$(inherited) @executable_path/Frameworks";
				PRODUCT_BUNDLE_IDENTIFIER = fi.taiste.Codestore;
				PRODUCT_NAME = "$(TARGET_NAME)";
			};
			name = Release;
		};
/* End XCBuildConfiguration section */

/* Begin XCConfigurationList section */
		138A876F1D3FE3D1006DD25D /* Build configuration list for PBXProject "Codestore" */ = {
			isa = XCConfigurationList;
			buildConfigurations = (
				138A87891D3FE3D2006DD25D /* Debug */,
				138A878A1D3FE3D2006DD25D /* Release */,
			);
			defaultConfigurationIsVisible = 0;
			defaultConfigurationName = Release;
		};
		138A878B1D3FE3D2006DD25D /* Build configuration list for PBXNativeTarget "Codestore" */ = {
			isa = XCConfigurationList;
			buildConfigurations = (
				138A878C1D3FE3D2006DD25D /* Debug */,
				138A878D1D3FE3D2006DD25D /* Release */,
			);
			defaultConfigurationIsVisible = 0;
			defaultConfigurationName = Release;
		};
/* End XCConfigurationList section */
	};
	rootObject = 138A876C1D3FE3D1006DD25D /* Project object */;
}
